{
  "pins" : [
    {
      "identity" : "swift_backend_sloper",
      "kind" : "remoteSourceControl",
      "location" : "https://github.com/samuelfr98/swift_backend_sloper",
      "state" : {
        "branch" : "main",
        "revision" : "0c922003a31c8a9f43839f4c3f05412e135f8eac"
      }
    }
  ],
  "version" : 2
}
