{
  "pins" : [
    {
      "identity" : "swift_backend_sloper",
      "kind" : "remoteSourceControl",
      "location" : "https://github.com/samuelfr98/swift_backend_sloper",
      "state" : {
        "branch" : "main",
        "revision" : "914db43b1b4a4acce8295b5dbe07ab0fdc0cfe40"
      }
    }
  ],
  "version" : 2
}
