{
  "pins" : [
    {
      "identity" : "swift_backend_sloper",
      "kind" : "remoteSourceControl",
      "location" : "https://github.com/samuelfr98/swift_backend_sloper",
      "state" : {
        "branch" : "main",
        "revision" : "1fb1a8409a910d3b075390419b9c5ccc5f6c957d"
      }
    }
  ],
  "version" : 2
}
